// !$*UTF8*$!
{
	archiveVersion = 1;
	classes = {
	};
	objectVersion = 50;
	objects = {

/* Begin PBXBuildFile section */
		D276A9C6215F76F20098CC08 /* main.c in Sources */ = {isa = PBXBuildFile; fileRef = D276A9C5215F76F20098CC08 /* main.c */; };
		D276A9CE215F77940098CC08 /* Linklist.c in Sources */ = {isa = PBXBuildFile; fileRef = D276A9CD215F77940098CC08 /* Linklist.c */; };
		D276A9D1215F77AD0098CC08 /* DoubleLinklist.c in Sources */ = {isa = PBXBuildFile; fileRef = D276A9D0215F77AD0098CC08 /* DoubleLinklist.c */; };
/* End PBXBuildFile section */

/* Begin PBXCopyFilesBuildPhase section */
		D276A9C0215F76F20098CC08 /* CopyFiles */ = {
			isa = PBXCopyFilesBuildPhase;
			buildActionMask = 2147483647;
			dstPath = /usr/share/man/man1/;
			dstSubfolderSpec = 0;
			files = (
			);
			runOnlyForDeploymentPostprocessing = 1;
		};
/* End PBXCopyFilesBuildPhase section */

/* Begin PBXFileReference section */
		D276A9C2215F76F20098CC08 /* CList */ = {isa = PBXFileReference; explicitFileType = "compiled.mach-o.executable"; includeInIndex = 0; path = CList; sourceTree = BUILT_PRODUCTS_DIR; };
		D276A9C5215F76F20098CC08 /* main.c */ = {isa = PBXFileReference; lastKnownFileType = sourcecode.c.c; path = main.c; sourceTree = "<group>"; };
		D276A9CC215F77940098CC08 /* Linklist.h */ = {isa = PBXFileReference; lastKnownFileType = sourcecode.c.h; path = Linklist.h; sourceTree = "<group>"; };
		D276A9CD215F77940098CC08 /* Linklist.c */ = {isa = PBXFileReference; lastKnownFileType = sourcecode.c.c; path = Linklist.c; sourceTree = "<group>"; };
		D276A9CF215F77AD0098CC08 /* DoubleLinklist.h */ = {isa = PBXFileReference; lastKnownFileType = sourcecode.c.h; path = DoubleLinklist.h; sourceTree = "<group>"; };
		D276A9D0215F77AD0098CC08 /* DoubleLinklist.c */ = {isa = PBXFileReference; lastKnownFileType = sourcecode.c.c; path = DoubleLinklist.c; sourceTree = "<group>"; };
/* End PBXFileReference section */

/* Begin PBXFrameworksBuildPhase section */
		D276A9BF215F76F20098CC08 /* Frameworks */ = {
			isa = PBXFrameworksBuildPhase;
			buildActionMask = 2147483647;
			files = (
			);
			runOnlyForDeploymentPostprocessing = 0;
		};
/* End PBXFrameworksBuildPhase section */

/* Begin PBXGroup section */
		D276A9B9215F76F20098CC08 = {
			isa = PBXGroup;
			children = (
				D276A9C4215F76F20098CC08 /* CList */,
				D276A9C3215F76F20098CC08 /* Products */,
			);
			sourceTree = "<group>";
		};
		D276A9C3215F76F20098CC08 /* Products */ = {
			isa = PBXGroup;
			children = (
				D276A9C2215F76F20098CC08 /* CList */,
			);
			name = Products;
			sourceTree = "<group>";
		};
		D276A9C4215F76F20098CC08 /* CList */ = {
			isa = PBXGroup;
			children = (
				D276A9C5215F76F20098CC08 /* main.c */,
				D276A9CC215F77940098CC08 /* Linklist.h */,
				D276A9CD215F77940098CC08 /* Linklist.c */,
				D276A9CF215F77AD0098CC08 /* DoubleLinklist.h */,
				D276A9D0215F77AD0098CC08 /* DoubleLinklist.c */,
			);
			path = CList;
			sourceTree = "<group>";
		};
/* End PBXGroup section */

/* Begin PBXNativeTarget section */
		D276A9C1215F76F20098CC08 /* CList */ = {
			isa = PBXNativeTarget;
			buildConfigurationList = D276A9C9215F76F20098CC08 /* Build configuration list for PBXNativeTarget "CList" */;
			buildPhases = (
				D276A9BE215F76F20098CC08 /* Sources */,
				D276A9BF215F76F20098CC08 /* Frameworks */,
				D276A9C0215F76F20098CC08 /* CopyFiles */,
			);
			buildRules = (
			);
			dependencies = (
			);
			name = CList;
			productName = CList;
			productReference = D276A9C2215F76F20098CC08 /* CList */;
			productType = "com.apple.product-type.tool";
		};
/* End PBXNativeTarget section */

/* Begin PBXProject section */
		D276A9BA215F76F20098CC08 /* Project object */ = {
			isa = PBXProject;
			attributes = {
				LastUpgradeCheck = 0940;
				ORGANIZATIONNAME = i4season;
				TargetAttributes = {
					D276A9C1215F76F20098CC08 = {
						CreatedOnToolsVersion = 9.4.1;
					};
				};
			};
			buildConfigurationList = D276A9BD215F76F20098CC08 /* Build configuration list for PBXProject "CList" */;
			compatibilityVersion = "Xcode 9.3";
			developmentRegion = en;
			hasScannedForEncodings = 0;
			knownRegions = (
				en,
			);
			mainGroup = D276A9B9215F76F20098CC08;
			productRefGroup = D276A9C3215F76F20098CC08 /* Products */;
			projectDirPath = "";
			projectRoot = "";
			targets = (
				D276A9C1215F76F20098CC08 /* CList */,
			);
		};
/* End PBXProject section */

/* Begin PBXSourcesBuildPhase section */
		D276A9BE215F76F20098CC08 /* Sources */ = {
			isa = PBXSourcesBuildPhase;
			buildActionMask = 2147483647;
			files = (
				D276A9C6215F76F20098CC08 /* main.c in Sources */,
				D276A9D1215F77AD0098CC08 /* DoubleLinklist.c in Sources */,
				D276A9CE215F77940098CC08 /* Linklist.c in Sources */,
			);
			runOnlyForDeploymentPostprocessing = 0;
		};
/* End PBXSourcesBuildPhase section */

/* Begin XCBuildConfiguration section */
		D276A9C7215F76F20098CC08 /* Debug */ = {
			isa = XCBuildConfiguration;
			buildSettings = {
				ALWAYS_SEARCH_USER_PATHS = NO;
				CLANG_ANALYZER_NONNULL = YES;
				CLANG_ANALYZER_NUMBER_OBJECT_CONVERSION = YES_AGGRESSIVE;
				CLANG_CXX_LANGUAGE_STANDARD = "gnu++14";
				CLANG_CXX_LIBRARY = "libc++";
				CLANG_ENABLE_MODULES = YES;
				CLANG_ENABLE_OBJC_ARC = YES;
				CLANG_ENABLE_OBJC_WEAK = YES;
				CLANG_WARN_BLOCK_CAPTURE_AUTORELEASING = YES;
				CLANG_WARN_BOOL_CONVERSION = YES;
				CLANG_WARN_COMMA = YES;
				CLANG_WARN_CONSTANT_CONVERSION = YES;
				CLANG_WARN_DEPRECATED_OBJC_IMPLEMENTATIONS = YES;
				CLANG_WARN_DIRECT_OBJC_ISA_USAGE = YES_ERROR;
				CLANG_WARN_DOCUMENTATION_COMMENTS = YES;
				CLANG_WARN_EMPTY_BODY = YES;
				CLANG_WARN_ENUM_CONVERSION = YES;
				CLANG_WARN_INFINITE_RECURSION = YES;
				CLANG_WARN_INT_CONVERSION = YES;
				CLANG_WARN_NON_LITERAL_NULL_CONVERSION = YES;
				CLANG_WARN_OBJC_IMPLICIT_RETAIN_SELF = YES;
				CLANG_WARN_OBJC_LITERAL_CONVERSION = YES;
				CLANG_WARN_OBJC_ROOT_CLASS = YES_ERROR;
				CLANG_WARN_RANGE_LOOP_ANALYSIS = YES;
				CLANG_WARN_STRICT_PROTOTYPES = YES;
				CLANG_WARN_SUSPICIOUS_MOVE = YES;
				CLANG_WARN_UNGUARDED_AVAILABILITY = YES_AGGRESSIVE;
				CLANG_WARN_UNREACHABLE_CODE = YES;
				CLANG_WARN__DUPLICATE_METHOD_MATCH = YES;
				CODE_SIGN_IDENTITY = "-";
				COPY_PHASE_STRIP = NO;
				DEBUG_INFORMATION_FORMAT = dwarf;
				ENABLE_STRICT_OBJC_MSGSEND = YES;
				ENABLE_TESTABILITY = YES;
				GCC_C_LANGUAGE_STANDARD = gnu11;
				GCC_DYNAMIC_NO_PIC = NO;
				GCC_NO_COMMON_BLOCKS = YES;
				GCC_OPTIMIZATION_LEVEL = 0;
				GCC_PREPROCESSOR_DEFINITIONS = (
					"DEBUG=1",
					"$(inherited)",
				);
				GCC_WARN_64_TO_32_BIT_CONVERSION = YES;
				GCC_WARN_ABOUT_RETURN_TYPE = YES_ERROR;
				GCC_WARN_UNDECLARED_SELECTOR = YES;
				GCC_WARN_UNINITIALIZED_AUTOS = YES_AGGRESSIVE;
				GCC_WARN_UNUSED_FUNCTION = YES;
				GCC_WARN_UNUSED_VARIABLE = YES;
				MACOSX_DEPLOYMENT_TARGET = 10.13;
				MTL_ENABLE_DEBUG_INFO = YES;
				ONLY_ACTIVE_ARCH = YES;
				SDKROOT = macosx;
			};
			name = Debug;
		};
		D276A9C8215F76F20098CC08 /* Release */ = {
			isa = XCBuildConfiguration;
			buildSettings = {
				ALWAYS_SEARCH_USER_PATHS = NO;
				CLANG_ANALYZER_NONNULL = YES;
				CLANG_ANALYZER_NUMBER_OBJECT_CONVERSION = YES_AGGRESSIVE;
				CLANG_CXX_LANGUAGE_STANDARD = "gnu++14";
				CLANG_CXX_LIBRARY = "libc++";
				CLANG_ENABLE_MODULES = YES;
				CLANG_ENABLE_OBJC_ARC = YES;
				CLANG_ENABLE_OBJC_WEAK = YES;
				CLANG_WARN_BLOCK_CAPTURE_AUTORELEASING = YES;
				CLANG_WARN_BOOL_CONVERSION = YES;
				CLANG_WARN_COMMA = YES;
				CLANG_WARN_CONSTANT_CONVERSION = YES;
				CLANG_WARN_DEPRECATED_OBJC_IMPLEMENTATIONS = YES;
				CLANG_WARN_DIRECT_OBJC_ISA_USAGE = YES_ERROR;
				CLANG_WARN_DOCUMENTATION_COMMENTS = YES;
				CLANG_WARN_EMPTY_BODY = YES;
				CLANG_WARN_ENUM_CONVERSION = YES;
				CLANG_WARN_INFINITE_RECURSION = YES;
				CLANG_WARN_INT_CONVERSION = YES;
				CLANG_WARN_NON_LITERAL_NULL_CONVERSION = YES;
				CLANG_WARN_OBJC_IMPLICIT_RETAIN_SELF = YES;
				CLANG_WARN_OBJC_LITERAL_CONVERSION = YES;
				CLANG_WARN_OBJC_ROOT_CLASS = YES_ERROR;
				CLANG_WARN_RANGE_LOOP_ANALYSIS = YES;
				CLANG_WARN_STRICT_PROTOTYPES = YES;
				CLANG_WARN_SUSPICIOUS_MOVE = YES;
				CLANG_WARN_UNGUARDED_AVAILABILITY = YES_AGGRESSIVE;
				CLANG_WARN_UNREACHABLE_CODE = YES;
				CLANG_WARN__DUPLICATE_METHOD_MATCH = YES;
				CODE_SIGN_IDENTITY = "-";
				COPY_PHASE_STRIP = NO;
				DEBUG_INFORMATION_FORMAT = "dwarf-with-dsym";
				ENABLE_NS_ASSERTIONS = NO;
				ENABLE_STRICT_OBJC_MSGSEND = YES;
				GCC_C_LANGUAGE_STANDARD = gnu11;
				GCC_NO_COMMON_BLOCKS = YES;
				GCC_WARN_64_TO_32_BIT_CONVERSION = YES;
				GCC_WARN_ABOUT_RETURN_TYPE = YES_ERROR;
				GCC_WARN_UNDECLARED_SELECTOR = YES;
				GCC_WARN_UNINITIALIZED_AUTOS = YES_AGGRESSIVE;
				GCC_WARN_UNUSED_FUNCTION = YES;
				GCC_WARN_UNUSED_VARIABLE = YES;
				MACOSX_DEPLOYMENT_TARGET = 10.13;
				MTL_ENABLE_DEBUG_INFO = NO;
				SDKROOT = macosx;
			};
			name = Release;
		};
		D276A9CA215F76F20098CC08 /* Debug */ = {
			isa = XCBuildConfiguration;
			buildSettings = {
				CODE_SIGN_STYLE = Automatic;
				PRODUCT_NAME = "$(TARGET_NAME)";
			};
			name = Debug;
		};
		D276A9CB215F76F20098CC08 /* Release */ = {
			isa = XCBuildConfiguration;
			buildSettings = {
				CODE_SIGN_STYLE = Automatic;
				PRODUCT_NAME = "$(TARGET_NAME)";
			};
			name = Release;
		};
/* End XCBuildConfiguration section */

/* Begin XCConfigurationList section */
		D276A9BD215F76F20098CC08 /* Build configuration list for PBXProject "CList" */ = {
			isa = XCConfigurationList;
			buildConfigurations = (
				D276A9C7215F76F20098CC08 /* Debug */,
				D276A9C8215F76F20098CC08 /* Release */,
			);
			defaultConfigurationIsVisible = 0;
			defaultConfigurationName = Release;
		};
		D276A9C9215F76F20098CC08 /* Build configuration list for PBXNativeTarget "CList" */ = {
			isa = XCConfigurationList;
			buildConfigurations = (
				D276A9CA215F76F20098CC08 /* Debug */,
				D276A9CB215F76F20098CC08 /* Release */,
			);
			defaultConfigurationIsVisible = 0;
			defaultConfigurationName = Release;
		};
/* End XCConfigurationList section */
	};
	rootObject = D276A9BA215F76F20098CC08 /* Project object */;
}
